
Microsoft Visual Studio Solution File, Format Version 12.00
# Visual Studio Version 17
VisualStudioVersion = 17.0.31825.309
MinimumVisualStudioVersion = 10.0.40219.1
Project("{9A19103F-16F7-4668-BE54-9A1E7A4F7556}") = "az-app-spandhana-vs", "az-app-spandhana-vs\az-app-spandhana-vs.csproj", "{791F6038-FD41-4B7A-B8D9-83E3A327CAA8}"
EndProject
Project("{9A19103F-16F7-4668-BE54-9A1E7A4F7556}") = "Blazor.AzureCosmosDb.Demo", "Blazor.AzureCosmosDb.Demo\Blazor.AzureCosmosDb.Demo.csproj", "{EF8100BE-A020-4CD9-B6E9-BC93F2256D07}"
EndProject
Project("{9A19103F-16F7-4668-BE54-9A1E7A4F7556}") = "Mvc.StorageAccount.Demo", "Mvc.StorageAccount.Demo\Mvc.StorageAccount.Demo.csproj", "{57CF18A4-0855-413D-A390-40001EA9DC68}"
EndProject
Project("{FAE04EC0-301F-11D3-BF4B-00C04F79EFBC}") = "Console.ServiceBusSender.Demo", "Console.ServiceBusSender.Demo\Console.ServiceBusSender.Demo.csproj", "{9B49031C-0DF9-495A-A177-BEAC617643FE}"
EndProject
Project("{FAE04EC0-301F-11D3-BF4B-00C04F79EFBC}") = "Console.ServiceBusReceiver.Demo", "Console.ServiceBusReceiver.Demo\Console.ServiceBusReceiver.Demo.csproj", "{2F5B70C4-D46C-4365-81A4-7EEB49198ECA}"
EndProject
Global
	GlobalSection(SolutionConfigurationPlatforms) = preSolution
		Debug|Any CPU = Debug|Any CPU
		Release|Any CPU = Release|Any CPU
	EndGlobalSection
	GlobalSection(ProjectConfigurationPlatforms) = postSolution
		{791F6038-FD41-4B7A-B8D9-83E3A327CAA8}.Debug|Any CPU.ActiveCfg = Debug|Any CPU
		{791F6038-FD41-4B7A-B8D9-83E3A327CAA8}.Debug|Any CPU.Build.0 = Debug|Any CPU
		{791F6038-FD41-4B7A-B8D9-83E3A327CAA8}.Release|Any CPU.ActiveCfg = Release|Any CPU
		{791F6038-FD41-4B7A-B8D9-83E3A327CAA8}.Release|Any CPU.Build.0 = Release|Any CPU
		{EF8100BE-A020-4CD9-B6E9-BC93F2256D07}.Debug|Any CPU.ActiveCfg = Debug|Any CPU
		{EF8100BE-A020-4CD9-B6E9-BC93F2256D07}.Debug|Any CPU.Build.0 = Debug|Any CPU
		{EF8100BE-A020-4CD9-B6E9-BC93F2256D07}.Release|Any CPU.ActiveCfg = Release|Any CPU
		{EF8100BE-A020-4CD9-B6E9-BC93F2256D07}.Release|Any CPU.Build.0 = Release|Any CPU
		{57CF18A4-0855-413D-A390-40001EA9DC68}.Debug|Any CPU.ActiveCfg = Debug|Any CPU
		{57CF18A4-0855-413D-A390-40001EA9DC68}.Debug|Any CPU.Build.0 = Debug|Any CPU
		{57CF18A4-0855-413D-A390-40001EA9DC68}.Release|Any CPU.ActiveCfg = Release|Any CPU
		{57CF18A4-0855-413D-A390-40001EA9DC68}.Release|Any CPU.Build.0 = Release|Any CPU
		{9B49031C-0DF9-495A-A177-BEAC617643FE}.Debug|Any CPU.ActiveCfg = Debug|Any CPU
		{9B49031C-0DF9-495A-A177-BEAC617643FE}.Debug|Any CPU.Build.0 = Debug|Any CPU
		{9B49031C-0DF9-495A-A177-BEAC617643FE}.Release|Any CPU.ActiveCfg = Release|Any CPU
		{9B49031C-0DF9-495A-A177-BEAC617643FE}.Release|Any CPU.Build.0 = Release|Any CPU
		{2F5B70C4-D46C-4365-81A4-7EEB49198ECA}.Debug|Any CPU.ActiveCfg = Debug|Any CPU
		{2F5B70C4-D46C-4365-81A4-7EEB49198ECA}.Debug|Any CPU.Build.0 = Debug|Any CPU
		{2F5B70C4-D46C-4365-81A4-7EEB49198ECA}.Release|Any CPU.ActiveCfg = Release|Any CPU
		{2F5B70C4-D46C-4365-81A4-7EEB49198ECA}.Release|Any CPU.Build.0 = Release|Any CPU
	EndGlobalSection
	GlobalSection(SolutionProperties) = preSolution
		HideSolutionNode = FALSE
	EndGlobalSection
	GlobalSection(ExtensibilityGlobals) = postSolution
		SolutionGuid = {2715B441-62D7-4750-83B8-F707F6093600}
	EndGlobalSection
EndGlobal
